// !$*UTF8*$!
{
	archiveVersion = 1;
	classes = {
	};
	objectVersion = 56;
	objects = {

/* Begin PBXBuildFile section */
		43B0C0612CFB1CB500B743F7 /* ScanData.swift in Sources */ = {isa = PBXBuildFile; fileRef = 43B0C0602CFB1CB500B743F7 /* ScanData.swift */; };
		43B0C0632CFB20EC00B743F7 /* ScannerView.swift in Sources */ = {isa = PBXBuildFile; fileRef = 43B0C0622CFB20EC00B743F7 /* ScannerView.swift */; };
		43B0C0652CFB237500B743F7 /* TextRecognizer.swift in Sources */ = {isa = PBXBuildFile; fileRef = 43B0C0642CFB237500B743F7 /* TextRecognizer.swift */; };
		43F509512CFA31B9001C19B3 /* PhARApp.swift in Sources */ = {isa = PBXBuildFile; fileRef = 43F509502CFA31B9001C19B3 /* PhARApp.swift */; };
		43F509532CFA31B9001C19B3 /* ContentView.swift in Sources */ = {isa = PBXBuildFile; fileRef = 43F509522CFA31B9001C19B3 /* ContentView.swift */; };
		43F509552CFA31BA001C19B3 /* Assets.xcassets in Resources */ = {isa = PBXBuildFile; fileRef = 43F509542CFA31BA001C19B3 /* Assets.xcassets */; };
		43F509582CFA31BA001C19B3 /* Preview Assets.xcassets in Resources */ = {isa = PBXBuildFile; fileRef = 43F509572CFA31BA001C19B3 /* Preview Assets.xcassets */; };
		43FD9FD32CFB57D800DA5B96 /* OpenAIKit in Frameworks */ = {isa = PBXBuildFile; productRef = 43FD9FD22CFB57D800DA5B96 /* OpenAIKit */; };
		43FD9FD62CFB607C00DA5B96 /* PythonKit in Frameworks */ = {isa = PBXBuildFile; productRef = 43FD9FD52CFB607C00DA5B96 /* PythonKit */; };
		43FD9FDA2CFB7A4D00DA5B96 /* GenerativeAI-Info.plist in Resources */ = {isa = PBXBuildFile; fileRef = 43FD9FD92CFB7A4D00DA5B96 /* GenerativeAI-Info.plist */; };
		43FD9FDC2CFB7AD800DA5B96 /* APIKey.swift in Sources */ = {isa = PBXBuildFile; fileRef = 43FD9FDB2CFB7AD800DA5B96 /* APIKey.swift */; };
		43FD9FDF2CFB7FF900DA5B96 /* GoogleGenerativeAI in Frameworks */ = {isa = PBXBuildFile; productRef = 43FD9FDE2CFB7FF900DA5B96 /* GoogleGenerativeAI */; };
		43FD9FE52CFC562500DA5B96 /* ProblemBreakDown.swift in Sources */ = {isa = PBXBuildFile; fileRef = 43FD9FE42CFC562500DA5B96 /* ProblemBreakDown.swift */; };
		43FD9FE72CFC7C8300DA5B96 /* range_rover.usdz in Resources */ = {isa = PBXBuildFile; fileRef = 43FD9FE62CFC7C8300DA5B96 /* range_rover.usdz */; };
/* End PBXBuildFile section */

/* Begin PBXFileReference section */
		43B0C0602CFB1CB500B743F7 /* ScanData.swift */ = {isa = PBXFileReference; lastKnownFileType = sourcecode.swift; path = ScanData.swift; sourceTree = "<group>"; };
		43B0C0622CFB20EC00B743F7 /* ScannerView.swift */ = {isa = PBXFileReference; lastKnownFileType = sourcecode.swift; path = ScannerView.swift; sourceTree = "<group>"; };
		43B0C0642CFB237500B743F7 /* TextRecognizer.swift */ = {isa = PBXFileReference; lastKnownFileType = sourcecode.swift; path = TextRecognizer.swift; sourceTree = "<group>"; };
		43F5094D2CFA31B9001C19B3 /* PhAR.app */ = {isa = PBXFileReference; explicitFileType = wrapper.application; includeInIndex = 0; path = PhAR.app; sourceTree = BUILT_PRODUCTS_DIR; };
		43F509502CFA31B9001C19B3 /* PhARApp.swift */ = {isa = PBXFileReference; lastKnownFileType = sourcecode.swift; path = PhARApp.swift; sourceTree = "<group>"; };
		43F509522CFA31B9001C19B3 /* ContentView.swift */ = {isa = PBXFileReference; lastKnownFileType = sourcecode.swift; path = ContentView.swift; sourceTree = "<group>"; };
		43F509542CFA31BA001C19B3 /* Assets.xcassets */ = {isa = PBXFileReference; lastKnownFileType = folder.assetcatalog; path = Assets.xcassets; sourceTree = "<group>"; };
		43F509572CFA31BA001C19B3 /* Preview Assets.xcassets */ = {isa = PBXFileReference; lastKnownFileType = folder.assetcatalog; path = "Preview Assets.xcassets"; sourceTree = "<group>"; };
		43FD9FD92CFB7A4D00DA5B96 /* GenerativeAI-Info.plist */ = {isa = PBXFileReference; lastKnownFileType = text.plist.xml; path = "GenerativeAI-Info.plist"; sourceTree = "<group>"; };
		43FD9FDB2CFB7AD800DA5B96 /* APIKey.swift */ = {isa = PBXFileReference; lastKnownFileType = sourcecode.swift; path = APIKey.swift; sourceTree = "<group>"; };
		43FD9FE42CFC562500DA5B96 /* ProblemBreakDown.swift */ = {isa = PBXFileReference; lastKnownFileType = sourcecode.swift; path = ProblemBreakDown.swift; sourceTree = "<group>"; };
		43FD9FE62CFC7C8300DA5B96 /* range_rover.usdz */ = {isa = PBXFileReference; lastKnownFileType = file.usdz; name = range_rover.usdz; path = ../../../Downloads/range_rover.usdz; sourceTree = "<group>"; };
/* End PBXFileReference section */

/* Begin PBXFrameworksBuildPhase section */
		43F5094A2CFA31B9001C19B3 /* Frameworks */ = {
			isa = PBXFrameworksBuildPhase;
			buildActionMask = 2147483647;
			files = (
				43FD9FDF2CFB7FF900DA5B96 /* GoogleGenerativeAI in Frameworks */,
				43FD9FD32CFB57D800DA5B96 /* OpenAIKit in Frameworks */,
				43FD9FD62CFB607C00DA5B96 /* PythonKit in Frameworks */,
			);
			runOnlyForDeploymentPostprocessing = 0;
		};
/* End PBXFrameworksBuildPhase section */

/* Begin PBXGroup section */
		43F509442CFA31B9001C19B3 = {
			isa = PBXGroup;
			children = (
				43F5094F2CFA31B9001C19B3 /* PhAR */,
				43F5094E2CFA31B9001C19B3 /* Products */,
			);
			sourceTree = "<group>";
		};
		43F5094E2CFA31B9001C19B3 /* Products */ = {
			isa = PBXGroup;
			children = (
				43F5094D2CFA31B9001C19B3 /* PhAR.app */,
			);
			name = Products;
			sourceTree = "<group>";
		};
		43F5094F2CFA31B9001C19B3 /* PhAR */ = {
			isa = PBXGroup;
			children = (
				43FD9FDB2CFB7AD800DA5B96 /* APIKey.swift */,
				43FD9FD92CFB7A4D00DA5B96 /* GenerativeAI-Info.plist */,
				43B0C0642CFB237500B743F7 /* TextRecognizer.swift */,
				43B0C0622CFB20EC00B743F7 /* ScannerView.swift */,
				43F509502CFA31B9001C19B3 /* PhARApp.swift */,
				43B0C0602CFB1CB500B743F7 /* ScanData.swift */,
				43FD9FE42CFC562500DA5B96 /* ProblemBreakDown.swift */,
				43F509522CFA31B9001C19B3 /* ContentView.swift */,
				43FD9FE62CFC7C8300DA5B96 /* range_rover.usdz */,
				43F509542CFA31BA001C19B3 /* Assets.xcassets */,
				43F509562CFA31BA001C19B3 /* Preview Content */,
			);
			path = PhAR;
			sourceTree = "<group>";
		};
		43F509562CFA31BA001C19B3 /* Preview Content */ = {
			isa = PBXGroup;
			children = (
				43F509572CFA31BA001C19B3 /* Preview Assets.xcassets */,
			);
			path = "Preview Content";
			sourceTree = "<group>";
		};
/* End PBXGroup section */

/* Begin PBXNativeTarget section */
		43F5094C2CFA31B9001C19B3 /* PhAR */ = {
			isa = PBXNativeTarget;
			buildConfigurationList = 43F5095B2CFA31BA001C19B3 /* Build configuration list for PBXNativeTarget "PhAR" */;
			buildPhases = (
				43F509492CFA31B9001C19B3 /* Sources */,
				43F5094A2CFA31B9001C19B3 /* Frameworks */,
				43F5094B2CFA31B9001C19B3 /* Resources */,
			);
			buildRules = (
			);
			dependencies = (
			);
			name = PhAR;
			packageProductDependencies = (
				43FD9FD22CFB57D800DA5B96 /* OpenAIKit */,
				43FD9FD52CFB607C00DA5B96 /* PythonKit */,
				43FD9FDE2CFB7FF900DA5B96 /* GoogleGenerativeAI */,
			);
			productName = PhAR;
			productReference = 43F5094D2CFA31B9001C19B3 /* PhAR.app */;
			productType = "com.apple.product-type.application";
		};
/* End PBXNativeTarget section */

/* Begin PBXProject section */
		43F509452CFA31B9001C19B3 /* Project object */ = {
			isa = PBXProject;
			attributes = {
				BuildIndependentTargetsInParallel = 1;
				LastSwiftUpdateCheck = 1540;
				LastUpgradeCheck = 1540;
				TargetAttributes = {
					43F5094C2CFA31B9001C19B3 = {
						CreatedOnToolsVersion = 15.4;
					};
				};
			};
			buildConfigurationList = 43F509482CFA31B9001C19B3 /* Build configuration list for PBXProject "PhAR" */;
			compatibilityVersion = "Xcode 14.0";
			developmentRegion = en;
			hasScannedForEncodings = 0;
			knownRegions = (
				en,
				Base,
			);
			mainGroup = 43F509442CFA31B9001C19B3;
			packageReferences = (
				43FD9FD12CFB57D800DA5B96 /* XCRemoteSwiftPackageReference "openai-kit" */,
				43FD9FD42CFB607C00DA5B96 /* XCRemoteSwiftPackageReference "PythonKit" */,
				43FD9FDD2CFB7FF900DA5B96 /* XCRemoteSwiftPackageReference "generative-ai-swift" */,
			);
			productRefGroup = 43F5094E2CFA31B9001C19B3 /* Products */;
			projectDirPath = "";
			projectRoot = "";
			targets = (
				43F5094C2CFA31B9001C19B3 /* PhAR */,
			);
		};
/* End PBXProject section */

/* Begin PBXResourcesBuildPhase section */
		43F5094B2CFA31B9001C19B3 /* Resources */ = {
			isa = PBXResourcesBuildPhase;
			buildActionMask = 2147483647;
			files = (
				43F509582CFA31BA001C19B3 /* Preview Assets.xcassets in Resources */,
				43F509552CFA31BA001C19B3 /* Assets.xcassets in Resources */,
				43FD9FE72CFC7C8300DA5B96 /* range_rover.usdz in Resources */,
				43FD9FDA2CFB7A4D00DA5B96 /* GenerativeAI-Info.plist in Resources */,
			);
			runOnlyForDeploymentPostprocessing = 0;
		};
/* End PBXResourcesBuildPhase section */

/* Begin PBXSourcesBuildPhase section */
		43F509492CFA31B9001C19B3 /* Sources */ = {
			isa = PBXSourcesBuildPhase;
			buildActionMask = 2147483647;
			files = (
				43F509532CFA31B9001C19B3 /* ContentView.swift in Sources */,
				43FD9FE52CFC562500DA5B96 /* ProblemBreakDown.swift in Sources */,
				43B0C0632CFB20EC00B743F7 /* ScannerView.swift in Sources */,
				43B0C0652CFB237500B743F7 /* TextRecognizer.swift in Sources */,
				43F509512CFA31B9001C19B3 /* PhARApp.swift in Sources */,
				43FD9FDC2CFB7AD800DA5B96 /* APIKey.swift in Sources */,
				43B0C0612CFB1CB500B743F7 /* ScanData.swift in Sources */,
			);
			runOnlyForDeploymentPostprocessing = 0;
		};
/* End PBXSourcesBuildPhase section */

/* Begin XCBuildConfiguration section */
		43F509592CFA31BA001C19B3 /* Debug */ = {
			isa = XCBuildConfiguration;
			buildSettings = {
				ALWAYS_SEARCH_USER_PATHS = NO;
				ASSETCATALOG_COMPILER_GENERATE_SWIFT_ASSET_SYMBOL_EXTENSIONS = YES;
				CLANG_ANALYZER_NONNULL = YES;
				CLANG_ANALYZER_NUMBER_OBJECT_CONVERSION = YES_AGGRESSIVE;
				CLANG_CXX_LANGUAGE_STANDARD = "gnu++20";
				CLANG_ENABLE_MODULES = YES;
				CLANG_ENABLE_OBJC_ARC = YES;
				CLANG_ENABLE_OBJC_WEAK = YES;
				CLANG_WARN_BLOCK_CAPTURE_AUTORELEASING = YES;
				CLANG_WARN_BOOL_CONVERSION = YES;
				CLANG_WARN_COMMA = YES;
				CLANG_WARN_CONSTANT_CONVERSION = YES;
				CLANG_WARN_DEPRECATED_OBJC_IMPLEMENTATIONS = YES;
				CLANG_WARN_DIRECT_OBJC_ISA_USAGE = YES_ERROR;
				CLANG_WARN_DOCUMENTATION_COMMENTS = YES;
				CLANG_WARN_EMPTY_BODY = YES;
				CLANG_WARN_ENUM_CONVERSION = YES;
				CLANG_WARN_INFINITE_RECURSION = YES;
				CLANG_WARN_INT_CONVERSION = YES;
				CLANG_WARN_NON_LITERAL_NULL_CONVERSION = YES;
				CLANG_WARN_OBJC_IMPLICIT_RETAIN_SELF = YES;
				CLANG_WARN_OBJC_LITERAL_CONVERSION = YES;
				CLANG_WARN_OBJC_ROOT_CLASS = YES_ERROR;
				CLANG_WARN_QUOTED_INCLUDE_IN_FRAMEWORK_HEADER = YES;
				CLANG_WARN_RANGE_LOOP_ANALYSIS = YES;
				CLANG_WARN_STRICT_PROTOTYPES = YES;
				CLANG_WARN_SUSPICIOUS_MOVE = YES;
				CLANG_WARN_UNGUARDED_AVAILABILITY = YES_AGGRESSIVE;
				CLANG_WARN_UNREACHABLE_CODE = YES;
				CLANG_WARN__DUPLICATE_METHOD_MATCH = YES;
				COPY_PHASE_STRIP = NO;
				DEBUG_INFORMATION_FORMAT = dwarf;
				ENABLE_STRICT_OBJC_MSGSEND = YES;
				ENABLE_TESTABILITY = YES;
				ENABLE_USER_SCRIPT_SANDBOXING = YES;
				GCC_C_LANGUAGE_STANDARD = gnu17;
				GCC_DYNAMIC_NO_PIC = NO;
				GCC_NO_COMMON_BLOCKS = YES;
				GCC_OPTIMIZATION_LEVEL = 0;
				GCC_PREPROCESSOR_DEFINITIONS = (
					"DEBUG=1",
					"$(inherited)",
				);
				GCC_WARN_64_TO_32_BIT_CONVERSION = YES;
				GCC_WARN_ABOUT_RETURN_TYPE = YES_ERROR;
				GCC_WARN_UNDECLARED_SELECTOR = YES;
				GCC_WARN_UNINITIALIZED_AUTOS = YES_AGGRESSIVE;
				GCC_WARN_UNUSED_FUNCTION = YES;
				GCC_WARN_UNUSED_VARIABLE = YES;
				IPHONEOS_DEPLOYMENT_TARGET = 17.5;
				LOCALIZATION_PREFERS_STRING_CATALOGS = YES;
				MTL_ENABLE_DEBUG_INFO = INCLUDE_SOURCE;
				MTL_FAST_MATH = YES;
				ONLY_ACTIVE_ARCH = YES;
				SDKROOT = iphoneos;
				SWIFT_ACTIVE_COMPILATION_CONDITIONS = "DEBUG $(inherited)";
				SWIFT_OPTIMIZATION_LEVEL = "-Onone";
			};
			name = Debug;
		};
		43F5095A2CFA31BA001C19B3 /* Release */ = {
			isa = XCBuildConfiguration;
			buildSettings = {
				ALWAYS_SEARCH_USER_PATHS = NO;
				ASSETCATALOG_COMPILER_GENERATE_SWIFT_ASSET_SYMBOL_EXTENSIONS = YES;
				CLANG_ANALYZER_NONNULL = YES;
				CLANG_ANALYZER_NUMBER_OBJECT_CONVERSION = YES_AGGRESSIVE;
				CLANG_CXX_LANGUAGE_STANDARD = "gnu++20";
				CLANG_ENABLE_MODULES = YES;
				CLANG_ENABLE_OBJC_ARC = YES;
				CLANG_ENABLE_OBJC_WEAK = YES;
				CLANG_WARN_BLOCK_CAPTURE_AUTORELEASING = YES;
				CLANG_WARN_BOOL_CONVERSION = YES;
				CLANG_WARN_COMMA = YES;
				CLANG_WARN_CONSTANT_CONVERSION = YES;
				CLANG_WARN_DEPRECATED_OBJC_IMPLEMENTATIONS = YES;
				CLANG_WARN_DIRECT_OBJC_ISA_USAGE = YES_ERROR;
				CLANG_WARN_DOCUMENTATION_COMMENTS = YES;
				CLANG_WARN_EMPTY_BODY = YES;
				CLANG_WARN_ENUM_CONVERSION = YES;
				CLANG_WARN_INFINITE_RECURSION = YES;
				CLANG_WARN_INT_CONVERSION = YES;
				CLANG_WARN_NON_LITERAL_NULL_CONVERSION = YES;
				CLANG_WARN_OBJC_IMPLICIT_RETAIN_SELF = YES;
				CLANG_WARN_OBJC_LITERAL_CONVERSION = YES;
				CLANG_WARN_OBJC_ROOT_CLASS = YES_ERROR;
				CLANG_WARN_QUOTED_INCLUDE_IN_FRAMEWORK_HEADER = YES;
				CLANG_WARN_RANGE_LOOP_ANALYSIS = YES;
				CLANG_WARN_STRICT_PROTOTYPES = YES;
				CLANG_WARN_SUSPICIOUS_MOVE = YES;
				CLANG_WARN_UNGUARDED_AVAILABILITY = YES_AGGRESSIVE;
				CLANG_WARN_UNREACHABLE_CODE = YES;
				CLANG_WARN__DUPLICATE_METHOD_MATCH = YES;
				COPY_PHASE_STRIP = NO;
				DEBUG_INFORMATION_FORMAT = "dwarf-with-dsym";
				ENABLE_NS_ASSERTIONS = NO;
				ENABLE_STRICT_OBJC_MSGSEND = YES;
				ENABLE_USER_SCRIPT_SANDBOXING = YES;
				GCC_C_LANGUAGE_STANDARD = gnu17;
				GCC_NO_COMMON_BLOCKS = YES;
				GCC_WARN_64_TO_32_BIT_CONVERSION = YES;
				GCC_WARN_ABOUT_RETURN_TYPE = YES_ERROR;
				GCC_WARN_UNDECLARED_SELECTOR = YES;
				GCC_WARN_UNINITIALIZED_AUTOS = YES_AGGRESSIVE;
				GCC_WARN_UNUSED_FUNCTION = YES;
				GCC_WARN_UNUSED_VARIABLE = YES;
				IPHONEOS_DEPLOYMENT_TARGET = 17.5;
				LOCALIZATION_PREFERS_STRING_CATALOGS = YES;
				MTL_ENABLE_DEBUG_INFO = NO;
				MTL_FAST_MATH = YES;
				SDKROOT = iphoneos;
				SWIFT_COMPILATION_MODE = wholemodule;
				VALIDATE_PRODUCT = YES;
			};
			name = Release;
		};
		43F5095C2CFA31BA001C19B3 /* Debug */ = {
			isa = XCBuildConfiguration;
			buildSettings = {
				ASSETCATALOG_COMPILER_APPICON_NAME = AppIcon;
				ASSETCATALOG_COMPILER_GLOBAL_ACCENT_COLOR_NAME = AccentColor;
				CODE_SIGN_STYLE = Automatic;
				CURRENT_PROJECT_VERSION = 1;
				DEVELOPMENT_ASSET_PATHS = "\"PhAR/Preview Content\"";
				DEVELOPMENT_TEAM = 4XA289N8WN;
				ENABLE_PREVIEWS = YES;
				GENERATE_INFOPLIST_FILE = YES;
				INFOPLIST_KEY_NSCameraUsageDescription = "$(PRODUCT_NAME) requires permision to scan problems";
				INFOPLIST_KEY_UIApplicationSceneManifest_Generation = YES;
				INFOPLIST_KEY_UIApplicationSupportsIndirectInputEvents = YES;
				INFOPLIST_KEY_UILaunchScreen_Generation = YES;
				INFOPLIST_KEY_UISupportedInterfaceOrientations_iPad = "UIInterfaceOrientationPortrait UIInterfaceOrientationPortraitUpsideDown UIInterfaceOrientationLandscapeLeft UIInterfaceOrientationLandscapeRight";
				INFOPLIST_KEY_UISupportedInterfaceOrientations_iPhone = "UIInterfaceOrientationPortrait UIInterfaceOrientationLandscapeLeft UIInterfaceOrientationLandscapeRight";
				LD_RUNPATH_SEARCH_PATHS = (
					"$(inherited)",
					"@executable_path/Frameworks",
				);
				MARKETING_VERSION = 1.0;
				PRODUCT_BUNDLE_IDENTIFIER = co.sagisha.PhAR;
				PRODUCT_NAME = "$(TARGET_NAME)";
				SWIFT_EMIT_LOC_STRINGS = YES;
				SWIFT_VERSION = 5.0;
				TARGETED_DEVICE_FAMILY = "1,2";
			};
			name = Debug;
		};
		43F5095D2CFA31BA001C19B3 /* Release */ = {
			isa = XCBuildConfiguration;
			buildSettings = {
				ASSETCATALOG_COMPILER_APPICON_NAME = AppIcon;
				ASSETCATALOG_COMPILER_GLOBAL_ACCENT_COLOR_NAME = AccentColor;
				CODE_SIGN_STYLE = Automatic;
				CURRENT_PROJECT_VERSION = 1;
				DEVELOPMENT_ASSET_PATHS = "\"PhAR/Preview Content\"";
				DEVELOPMENT_TEAM = 4XA289N8WN;
				ENABLE_PREVIEWS = YES;
				GENERATE_INFOPLIST_FILE = YES;
				INFOPLIST_KEY_NSCameraUsageDescription = "$(PRODUCT_NAME) requires permision to scan problems";
				INFOPLIST_KEY_UIApplicationSceneManifest_Generation = YES;
				INFOPLIST_KEY_UIApplicationSupportsIndirectInputEvents = YES;
				INFOPLIST_KEY_UILaunchScreen_Generation = YES;
				INFOPLIST_KEY_UISupportedInterfaceOrientations_iPad = "UIInterfaceOrientationPortrait UIInterfaceOrientationPortraitUpsideDown UIInterfaceOrientationLandscapeLeft UIInterfaceOrientationLandscapeRight";
				INFOPLIST_KEY_UISupportedInterfaceOrientations_iPhone = "UIInterfaceOrientationPortrait UIInterfaceOrientationLandscapeLeft UIInterfaceOrientationLandscapeRight";
				LD_RUNPATH_SEARCH_PATHS = (
					"$(inherited)",
					"@executable_path/Frameworks",
				);
				MARKETING_VERSION = 1.0;
				PRODUCT_BUNDLE_IDENTIFIER = co.sagisha.PhAR;
				PRODUCT_NAME = "$(TARGET_NAME)";
				SWIFT_EMIT_LOC_STRINGS = YES;
				SWIFT_VERSION = 5.0;
				TARGETED_DEVICE_FAMILY = "1,2";
			};
			name = Release;
		};
/* End XCBuildConfiguration section */

/* Begin XCConfigurationList section */
		43F509482CFA31B9001C19B3 /* Build configuration list for PBXProject "PhAR" */ = {
			isa = XCConfigurationList;
			buildConfigurations = (
				43F509592CFA31BA001C19B3 /* Debug */,
				43F5095A2CFA31BA001C19B3 /* Release */,
			);
			defaultConfigurationIsVisible = 0;
			defaultConfigurationName = Release;
		};
		43F5095B2CFA31BA001C19B3 /* Build configuration list for PBXNativeTarget "PhAR" */ = {
			isa = XCConfigurationList;
			buildConfigurations = (
				43F5095C2CFA31BA001C19B3 /* Debug */,
				43F5095D2CFA31BA001C19B3 /* Release */,
			);
			defaultConfigurationIsVisible = 0;
			defaultConfigurationName = Release;
		};
/* End XCConfigurationList section */

/* Begin XCRemoteSwiftPackageReference section */
		43FD9FD12CFB57D800DA5B96 /* XCRemoteSwiftPackageReference "openai-kit" */ = {
			isa = XCRemoteSwiftPackageReference;
			repositoryURL = "https://github.com/dylanshine/openai-kit.git";
			requirement = {
				kind = upToNextMajorVersion;
				minimumVersion = 1.8.2;
			};
		};
		43FD9FD42CFB607C00DA5B96 /* XCRemoteSwiftPackageReference "PythonKit" */ = {
			isa = XCRemoteSwiftPackageReference;
			repositoryURL = "https://github.com/pvieito/PythonKit.git";
			requirement = {
				branch = master;
				kind = branch;
			};
		};
		43FD9FDD2CFB7FF900DA5B96 /* XCRemoteSwiftPackageReference "generative-ai-swift" */ = {
			isa = XCRemoteSwiftPackageReference;
			repositoryURL = "https://github.com/google/generative-ai-swift";
			requirement = {
				kind = upToNextMajorVersion;
				minimumVersion = 0.5.6;
			};
		};
/* End XCRemoteSwiftPackageReference section */

/* Begin XCSwiftPackageProductDependency section */
		43FD9FD22CFB57D800DA5B96 /* OpenAIKit */ = {
			isa = XCSwiftPackageProductDependency;
			package = 43FD9FD12CFB57D800DA5B96 /* XCRemoteSwiftPackageReference "openai-kit" */;
			productName = OpenAIKit;
		};
		43FD9FD52CFB607C00DA5B96 /* PythonKit */ = {
			isa = XCSwiftPackageProductDependency;
			package = 43FD9FD42CFB607C00DA5B96 /* XCRemoteSwiftPackageReference "PythonKit" */;
			productName = PythonKit;
		};
		43FD9FDE2CFB7FF900DA5B96 /* GoogleGenerativeAI */ = {
			isa = XCSwiftPackageProductDependency;
			package = 43FD9FDD2CFB7FF900DA5B96 /* XCRemoteSwiftPackageReference "generative-ai-swift" */;
			productName = GoogleGenerativeAI;
		};
/* End XCSwiftPackageProductDependency section */
	};
	rootObject = 43F509452CFA31B9001C19B3 /* Project object */;
}
